// !$*UTF8*$!
{
	archiveVersion = 1;
	classes = {
	};
	objectVersion = 55;
	objects = {

/* Begin PBXBuildFile section */
		DE83AD7929DAA78000874CBB /* EnvDetectionApp.swift in Sources */ = {isa = PBXBuildFile; fileRef = DE83AD7829DAA78000874CBB /* EnvDetectionApp.swift */; };
		DE83AD7B29DAA78000874CBB /* EnvDetection.swift in Sources */ = {isa = PBXBuildFile; fileRef = DE83AD7A29DAA78000874CBB /* EnvDetection.swift */; };
		DE83AD7D29DAA78100874CBB /* Assets.xcassets in Resources */ = {isa = PBXBuildFile; fileRef = DE83AD7C29DAA78100874CBB /* Assets.xcassets */; };
		DE83AD8029DAA78100874CBB /* Preview Assets.xcassets in Resources */ = {isa = PBXBuildFile; fileRef = DE83AD7F29DAA78100874CBB /* Preview Assets.xcassets */; };
		DE83AD8729DAA7DE00874CBB /* JailbreakDetectionView.swift in Sources */ = {isa = PBXBuildFile; fileRef = DE83AD8629DAA7DE00874CBB /* JailbreakDetectionView.swift */; };
		DE83AD8929DAA7F400874CBB /* JailbreakFileDetectionView.swift in Sources */ = {isa = PBXBuildFile; fileRef = DE83AD8829DAA7F400874CBB /* JailbreakFileDetectionView.swift */; };
		DE83AD8B29DAA80800874CBB /* PluginApplicationDetectionView.swift in Sources */ = {isa = PBXBuildFile; fileRef = DE83AD8A29DAA80800874CBB /* PluginApplicationDetectionView.swift */; };
		DE83AD8D29DAA81D00874CBB /* FridaDetectionView.swift in Sources */ = {isa = PBXBuildFile; fileRef = DE83AD8C29DAA81D00874CBB /* FridaDetectionView.swift */; };
		DE83AD8F29DAA83100874CBB /* FridaFileDetectionView.swift in Sources */ = {isa = PBXBuildFile; fileRef = DE83AD8E29DAA83100874CBB /* FridaFileDetectionView.swift */; };
		DE83AD9129DAA84600874CBB /* AgentDetectionView.swift in Sources */ = {isa = PBXBuildFile; fileRef = DE83AD9029DAA84600874CBB /* AgentDetectionView.swift */; };
		DE83AD9329DAA86100874CBB /* AgentAppDetectionView.swift in Sources */ = {isa = PBXBuildFile; fileRef = DE83AD9229DAA86100874CBB /* AgentAppDetectionView.swift */; };
		DE83AD9529DAA87A00874CBB /* DebugDetectionView.swift in Sources */ = {isa = PBXBuildFile; fileRef = DE83AD9429DAA87A00874CBB /* DebugDetectionView.swift */; };
		DE83AD9729DAA89000874CBB /* OtherDetectionView.swift in Sources */ = {isa = PBXBuildFile; fileRef = DE83AD9629DAA89000874CBB /* OtherDetectionView.swift */; };
		DE83AD9929DAA8A600874CBB /* DynamicLibraryInjectionDetectionView.swift in Sources */ = {isa = PBXBuildFile; fileRef = DE83AD9829DAA8A600874CBB /* DynamicLibraryInjectionDetectionView.swift */; };
		DE83AD9B29DAA8BB00874CBB /* OpenSSHDetectionView.swift in Sources */ = {isa = PBXBuildFile; fileRef = DE83AD9A29DAA8BB00874CBB /* OpenSSHDetectionView.swift */; };
		DE83AD9D29DAA8D200874CBB /* OpenSSHFileDetectionView.swift in Sources */ = {isa = PBXBuildFile; fileRef = DE83AD9C29DAA8D200874CBB /* OpenSSHFileDetectionView.swift */; };
		DE83ADA129DAA8F400874CBB /* ToastUtil.m in Sources */ = {isa = PBXBuildFile; fileRef = DE83ADA029DAA8F400874CBB /* ToastUtil.m */; };
		DE83ADA429DAA91D00874CBB /* AppInfo.m in Sources */ = {isa = PBXBuildFile; fileRef = DE83ADA329DAA91D00874CBB /* AppInfo.m */; };
		DE83ADA729DAA93B00874CBB /* FileAndFolderPathDetection.m in Sources */ = {isa = PBXBuildFile; fileRef = DE83ADA629DAA93B00874CBB /* FileAndFolderPathDetection.m */; };
		DE83ADAC29DAA9A400874CBB /* JailbreakDetection.m in Sources */ = {isa = PBXBuildFile; fileRef = DE83ADAB29DAA9A400874CBB /* JailbreakDetection.m */; };
		DE83ADAF29DAA9C700874CBB /* FridaDetection.m in Sources */ = {isa = PBXBuildFile; fileRef = DE83ADAE29DAA9C700874CBB /* FridaDetection.m */; };
		DE83ADB229DAA9E500874CBB /* AgentDetection.m in Sources */ = {isa = PBXBuildFile; fileRef = DE83ADB129DAA9E500874CBB /* AgentDetection.m */; };
		DE83ADB529DAAA1600874CBB /* DebugDetection.m in Sources */ = {isa = PBXBuildFile; fileRef = DE83ADB429DAAA1600874CBB /* DebugDetection.m */; };
		DE83ADB829DAAA3A00874CBB /* DynamicLibraryInjectionDetection.m in Sources */ = {isa = PBXBuildFile; fileRef = DE83ADB729DAAA3A00874CBB /* DynamicLibraryInjectionDetection.m */; };
		DE83ADBB29DAAA5C00874CBB /* OpenSSHDetection.m in Sources */ = {isa = PBXBuildFile; fileRef = DE83ADBA29DAAA5C00874CBB /* OpenSSHDetection.m */; };
/* End PBXBuildFile section */

/* Begin PBXFileReference section */
		DE83AD7529DAA78000874CBB /* EnvDetection.app */ = {isa = PBXFileReference; explicitFileType = wrapper.application; includeInIndex = 0; path = EnvDetection.app; sourceTree = BUILT_PRODUCTS_DIR; };
		DE83AD7829DAA78000874CBB /* EnvDetectionApp.swift */ = {isa = PBXFileReference; lastKnownFileType = sourcecode.swift; path = EnvDetectionApp.swift; sourceTree = "<group>"; };
		DE83AD7A29DAA78000874CBB /* EnvDetection.swift */ = {isa = PBXFileReference; lastKnownFileType = sourcecode.swift; path = EnvDetection.swift; sourceTree = "<group>"; };
		DE83AD7C29DAA78100874CBB /* Assets.xcassets */ = {isa = PBXFileReference; lastKnownFileType = folder.assetcatalog; path = Assets.xcassets; sourceTree = "<group>"; };
		DE83AD7F29DAA78100874CBB /* Preview Assets.xcassets */ = {isa = PBXFileReference; lastKnownFileType = folder.assetcatalog; path = "Preview Assets.xcassets"; sourceTree = "<group>"; };
		DE83AD8629DAA7DE00874CBB /* JailbreakDetectionView.swift */ = {isa = PBXFileReference; lastKnownFileType = sourcecode.swift; path = JailbreakDetectionView.swift; sourceTree = "<group>"; };
		DE83AD8829DAA7F400874CBB /* JailbreakFileDetectionView.swift */ = {isa = PBXFileReference; lastKnownFileType = sourcecode.swift; path = JailbreakFileDetectionView.swift; sourceTree = "<group>"; };
		DE83AD8A29DAA80800874CBB /* PluginApplicationDetectionView.swift */ = {isa = PBXFileReference; lastKnownFileType = sourcecode.swift; path = PluginApplicationDetectionView.swift; sourceTree = "<group>"; };
		DE83AD8C29DAA81D00874CBB /* FridaDetectionView.swift */ = {isa = PBXFileReference; lastKnownFileType = sourcecode.swift; path = FridaDetectionView.swift; sourceTree = "<group>"; };
		DE83AD8E29DAA83100874CBB /* FridaFileDetectionView.swift */ = {isa = PBXFileReference; lastKnownFileType = sourcecode.swift; path = FridaFileDetectionView.swift; sourceTree = "<group>"; };
		DE83AD9029DAA84600874CBB /* AgentDetectionView.swift */ = {isa = PBXFileReference; lastKnownFileType = sourcecode.swift; path = AgentDetectionView.swift; sourceTree = "<group>"; };
		DE83AD9229DAA86100874CBB /* AgentAppDetectionView.swift */ = {isa = PBXFileReference; lastKnownFileType = sourcecode.swift; path = AgentAppDetectionView.swift; sourceTree = "<group>"; };
		DE83AD9429DAA87A00874CBB /* DebugDetectionView.swift */ = {isa = PBXFileReference; lastKnownFileType = sourcecode.swift; path = DebugDetectionView.swift; sourceTree = "<group>"; };
		DE83AD9629DAA89000874CBB /* OtherDetectionView.swift */ = {isa = PBXFileReference; lastKnownFileType = sourcecode.swift; path = OtherDetectionView.swift; sourceTree = "<group>"; };
		DE83AD9829DAA8A600874CBB /* DynamicLibraryInjectionDetectionView.swift */ = {isa = PBXFileReference; lastKnownFileType = sourcecode.swift; path = DynamicLibraryInjectionDetectionView.swift; sourceTree = "<group>"; };
		DE83AD9A29DAA8BB00874CBB /* OpenSSHDetectionView.swift */ = {isa = PBXFileReference; lastKnownFileType = sourcecode.swift; path = OpenSSHDetectionView.swift; sourceTree = "<group>"; };
		DE83AD9C29DAA8D200874CBB /* OpenSSHFileDetectionView.swift */ = {isa = PBXFileReference; lastKnownFileType = sourcecode.swift; path = OpenSSHFileDetectionView.swift; sourceTree = "<group>"; };
		DE83AD9E29DAA8F400874CBB /* EnvDetection-Bridging-Header.h */ = {isa = PBXFileReference; lastKnownFileType = sourcecode.c.h; path = "EnvDetection-Bridging-Header.h"; sourceTree = "<group>"; };
		DE83AD9F29DAA8F400874CBB /* ToastUtil.h */ = {isa = PBXFileReference; lastKnownFileType = sourcecode.c.h; path = ToastUtil.h; sourceTree = "<group>"; };
		DE83ADA029DAA8F400874CBB /* ToastUtil.m */ = {isa = PBXFileReference; lastKnownFileType = sourcecode.c.objc; path = ToastUtil.m; sourceTree = "<group>"; };
		DE83ADA229DAA91D00874CBB /* AppInfo.h */ = {isa = PBXFileReference; lastKnownFileType = sourcecode.c.h; path = AppInfo.h; sourceTree = "<group>"; };
		DE83ADA329DAA91D00874CBB /* AppInfo.m */ = {isa = PBXFileReference; lastKnownFileType = sourcecode.c.objc; path = AppInfo.m; sourceTree = "<group>"; };
		DE83ADA529DAA93B00874CBB /* FileAndFolderPathDetection.h */ = {isa = PBXFileReference; lastKnownFileType = sourcecode.c.h; path = FileAndFolderPathDetection.h; sourceTree = "<group>"; };
		DE83ADA629DAA93B00874CBB /* FileAndFolderPathDetection.m */ = {isa = PBXFileReference; lastKnownFileType = sourcecode.c.objc; path = FileAndFolderPathDetection.m; sourceTree = "<group>"; };
		DE83ADAA29DAA9A400874CBB /* JailbreakDetection.h */ = {isa = PBXFileReference; lastKnownFileType = sourcecode.c.h; path = JailbreakDetection.h; sourceTree = "<group>"; };
		DE83ADAB29DAA9A400874CBB /* JailbreakDetection.m */ = {isa = PBXFileReference; lastKnownFileType = sourcecode.c.objc; path = JailbreakDetection.m; sourceTree = "<group>"; };
		DE83ADAD29DAA9C700874CBB /* FridaDetection.h */ = {isa = PBXFileReference; lastKnownFileType = sourcecode.c.h; path = FridaDetection.h; sourceTree = "<group>"; };
		DE83ADAE29DAA9C700874CBB /* FridaDetection.m */ = {isa = PBXFileReference; lastKnownFileType = sourcecode.c.objc; path = FridaDetection.m; sourceTree = "<group>"; };
		DE83ADB029DAA9E500874CBB /* AgentDetection.h */ = {isa = PBXFileReference; lastKnownFileType = sourcecode.c.h; path = AgentDetection.h; sourceTree = "<group>"; };
		DE83ADB129DAA9E500874CBB /* AgentDetection.m */ = {isa = PBXFileReference; lastKnownFileType = sourcecode.c.objc; path = AgentDetection.m; sourceTree = "<group>"; };
		DE83ADB329DAAA1600874CBB /* DebugDetection.h */ = {isa = PBXFileReference; lastKnownFileType = sourcecode.c.h; path = DebugDetection.h; sourceTree = "<group>"; };
		DE83ADB429DAAA1600874CBB /* DebugDetection.m */ = {isa = PBXFileReference; lastKnownFileType = sourcecode.c.objc; path = DebugDetection.m; sourceTree = "<group>"; };
		DE83ADB629DAAA3A00874CBB /* DynamicLibraryInjectionDetection.h */ = {isa = PBXFileReference; lastKnownFileType = sourcecode.c.h; path = DynamicLibraryInjectionDetection.h; sourceTree = "<group>"; };
		DE83ADB729DAAA3A00874CBB /* DynamicLibraryInjectionDetection.m */ = {isa = PBXFileReference; lastKnownFileType = sourcecode.c.objc; path = DynamicLibraryInjectionDetection.m; sourceTree = "<group>"; };
		DE83ADB929DAAA5C00874CBB /* OpenSSHDetection.h */ = {isa = PBXFileReference; lastKnownFileType = sourcecode.c.h; path = OpenSSHDetection.h; sourceTree = "<group>"; };
		DE83ADBA29DAAA5C00874CBB /* OpenSSHDetection.m */ = {isa = PBXFileReference; lastKnownFileType = sourcecode.c.objc; path = OpenSSHDetection.m; sourceTree = "<group>"; };
		DE83ADC129DAAB6000874CBB /* ptrace.h */ = {isa = PBXFileReference; lastKnownFileType = sourcecode.c.h; path = ptrace.h; sourceTree = "<group>"; };
		DE83ADC329DAABE000874CBB /* LSApplicationWorkspace.h */ = {isa = PBXFileReference; lastKnownFileType = sourcecode.c.h; path = LSApplicationWorkspace.h; sourceTree = "<group>"; };
		DE83ADC429DAABE000874CBB /* LSApplicationProxy.h */ = {isa = PBXFileReference; lastKnownFileType = sourcecode.c.h; path = LSApplicationProxy.h; sourceTree = "<group>"; };
		DE83ADC529DAABE000874CBB /* FBApplicationInfo.h */ = {isa = PBXFileReference; lastKnownFileType = sourcecode.c.h; path = FBApplicationInfo.h; sourceTree = "<group>"; };
		DE83ADC629DAABE000874CBB /* FBBundleInfo.h */ = {isa = PBXFileReference; lastKnownFileType = sourcecode.c.h; path = FBBundleInfo.h; sourceTree = "<group>"; };
/* End PBXFileReference section */

/* Begin PBXFrameworksBuildPhase section */
		DE83AD7229DAA78000874CBB /* Frameworks */ = {
			isa = PBXFrameworksBuildPhase;
			buildActionMask = 2147483647;
			files = (
			);
			runOnlyForDeploymentPostprocessing = 0;
		};
/* End PBXFrameworksBuildPhase section */

/* Begin PBXGroup section */
		DE83AD6C29DAA78000874CBB = {
			isa = PBXGroup;
			children = (
				DE83AD7729DAA78000874CBB /* EnvDetection */,
				DE83AD7629DAA78000874CBB /* Products */,
			);
			sourceTree = "<group>";
		};
		DE83AD7629DAA78000874CBB /* Products */ = {
			isa = PBXGroup;
			children = (
				DE83AD7529DAA78000874CBB /* EnvDetection.app */,
			);
			name = Products;
			sourceTree = "<group>";
		};
		DE83AD7729DAA78000874CBB /* EnvDetection */ = {
			isa = PBXGroup;
			children = (
				DE83AD7829DAA78000874CBB /* EnvDetectionApp.swift */,
				DE83AD7A29DAA78000874CBB /* EnvDetection.swift */,
				DE83ADA929DAA97B00874CBB /* ToastUtil */,
				DE83ADA829DAA96000874CBB /* CommonUtil */,
				DE83ADC229DAAB9E00874CBB /* SystemHeaders */,
				DE83ADBC29DAAA9200874CBB /* JailbreakDetection */,
				DE83ADBD29DAAA9B00874CBB /* FridaDetection */,
				DE83ADBE29DAAAA400874CBB /* AgentDetection */,
				DE83ADBF29DAAAB300874CBB /* DebugDetection */,
				DE83ADC029DAAAC100874CBB /* OtherDetection */,
				DE83ADC729DAACCC00874CBB /* Detection */,
				DE83AD7C29DAA78100874CBB /* Assets.xcassets */,
				DE83AD7E29DAA78100874CBB /* Preview Content */,
				DE83AD9E29DAA8F400874CBB /* EnvDetection-Bridging-Header.h */,
			);
			path = EnvDetection;
			sourceTree = "<group>";
		};
		DE83AD7E29DAA78100874CBB /* Preview Content */ = {
			isa = PBXGroup;
			children = (
				DE83AD7F29DAA78100874CBB /* Preview Assets.xcassets */,
			);
			path = "Preview Content";
			sourceTree = "<group>";
		};
		DE83ADA829DAA96000874CBB /* CommonUtil */ = {
			isa = PBXGroup;
			children = (
				DE83ADA229DAA91D00874CBB /* AppInfo.h */,
				DE83ADA329DAA91D00874CBB /* AppInfo.m */,
				DE83ADA529DAA93B00874CBB /* FileAndFolderPathDetection.h */,
				DE83ADA629DAA93B00874CBB /* FileAndFolderPathDetection.m */,
			);
			path = CommonUtil;
			sourceTree = "<group>";
		};
		DE83ADA929DAA97B00874CBB /* ToastUtil */ = {
			isa = PBXGroup;
			children = (
				DE83AD9F29DAA8F400874CBB /* ToastUtil.h */,
				DE83ADA029DAA8F400874CBB /* ToastUtil.m */,
			);
			path = ToastUtil;
			sourceTree = "<group>";
		};
		DE83ADBC29DAAA9200874CBB /* JailbreakDetection */ = {
			isa = PBXGroup;
			children = (
				DE83ADAA29DAA9A400874CBB /* JailbreakDetection.h */,
				DE83ADAB29DAA9A400874CBB /* JailbreakDetection.m */,
			);
			path = JailbreakDetection;
			sourceTree = "<group>";
		};
		DE83ADBD29DAAA9B00874CBB /* FridaDetection */ = {
			isa = PBXGroup;
			children = (
				DE83ADAD29DAA9C700874CBB /* FridaDetection.h */,
				DE83ADAE29DAA9C700874CBB /* FridaDetection.m */,
			);
			path = FridaDetection;
			sourceTree = "<group>";
		};
		DE83ADBE29DAAAA400874CBB /* AgentDetection */ = {
			isa = PBXGroup;
			children = (
				DE83ADB029DAA9E500874CBB /* AgentDetection.h */,
				DE83ADB129DAA9E500874CBB /* AgentDetection.m */,
			);
			path = AgentDetection;
			sourceTree = "<group>";
		};
		DE83ADBF29DAAAB300874CBB /* DebugDetection */ = {
			isa = PBXGroup;
			children = (
				DE83ADB329DAAA1600874CBB /* DebugDetection.h */,
				DE83ADB429DAAA1600874CBB /* DebugDetection.m */,
			);
			path = DebugDetection;
			sourceTree = "<group>";
		};
		DE83ADC029DAAAC100874CBB /* OtherDetection */ = {
			isa = PBXGroup;
			children = (
				DE83ADB629DAAA3A00874CBB /* DynamicLibraryInjectionDetection.h */,
				DE83ADB729DAAA3A00874CBB /* DynamicLibraryInjectionDetection.m */,
				DE83ADB929DAAA5C00874CBB /* OpenSSHDetection.h */,
				DE83ADBA29DAAA5C00874CBB /* OpenSSHDetection.m */,
			);
			path = OtherDetection;
			sourceTree = "<group>";
		};
		DE83ADC229DAAB9E00874CBB /* SystemHeaders */ = {
			isa = PBXGroup;
			children = (
				DE83ADC129DAAB6000874CBB /* ptrace.h */,
				DE83ADC529DAABE000874CBB /* FBApplicationInfo.h */,
				DE83ADC629DAABE000874CBB /* FBBundleInfo.h */,
				DE83ADC429DAABE000874CBB /* LSApplicationProxy.h */,
				DE83ADC329DAABE000874CBB /* LSApplicationWorkspace.h */,
			);
			path = SystemHeaders;
			sourceTree = "<group>";
		};
		DE83ADC729DAACCC00874CBB /* Detection */ = {
			isa = PBXGroup;
			children = (
				DE83AD8629DAA7DE00874CBB /* JailbreakDetectionView.swift */,
				DE83AD8829DAA7F400874CBB /* JailbreakFileDetectionView.swift */,
				DE83AD8A29DAA80800874CBB /* PluginApplicationDetectionView.swift */,
				DE83AD8C29DAA81D00874CBB /* FridaDetectionView.swift */,
				DE83AD8E29DAA83100874CBB /* FridaFileDetectionView.swift */,
				DE83AD9029DAA84600874CBB /* AgentDetectionView.swift */,
				DE83AD9229DAA86100874CBB /* AgentAppDetectionView.swift */,
				DE83AD9429DAA87A00874CBB /* DebugDetectionView.swift */,
				DE83AD9629DAA89000874CBB /* OtherDetectionView.swift */,
				DE83AD9829DAA8A600874CBB /* DynamicLibraryInjectionDetectionView.swift */,
				DE83AD9A29DAA8BB00874CBB /* OpenSSHDetectionView.swift */,
				DE83AD9C29DAA8D200874CBB /* OpenSSHFileDetectionView.swift */,
			);
			path = Detection;
			sourceTree = "<group>";
		};
/* End PBXGroup section */

/* Begin PBXNativeTarget section */
		DE83AD7429DAA78000874CBB /* EnvDetection */ = {
			isa = PBXNativeTarget;
			buildConfigurationList = DE83AD8329DAA78100874CBB /* Build configuration list for PBXNativeTarget "EnvDetection" */;
			buildPhases = (
				DE83AD7129DAA78000874CBB /* Sources */,
				DE83AD7229DAA78000874CBB /* Frameworks */,
				DE83AD7329DAA78000874CBB /* Resources */,
			);
			buildRules = (
			);
			dependencies = (
			);
			name = EnvDetection;
			productName = EnvDetection;
			productReference = DE83AD7529DAA78000874CBB /* EnvDetection.app */;
			productType = "com.apple.product-type.application";
		};
/* End PBXNativeTarget section */

/* Begin PBXProject section */
		DE83AD6D29DAA78000874CBB /* Project object */ = {
			isa = PBXProject;
			attributes = {
				BuildIndependentTargetsInParallel = 1;
				LastSwiftUpdateCheck = 1330;
				LastUpgradeCheck = 1330;
				TargetAttributes = {
					DE83AD7429DAA78000874CBB = {
						CreatedOnToolsVersion = 13.3;
						LastSwiftMigration = 1330;
					};
				};
			};
			buildConfigurationList = DE83AD7029DAA78000874CBB /* Build configuration list for PBXProject "EnvDetection" */;
			compatibilityVersion = "Xcode 13.0";
			developmentRegion = en;
			hasScannedForEncodings = 0;
			knownRegions = (
				en,
				Base,
			);
			mainGroup = DE83AD6C29DAA78000874CBB;
			productRefGroup = DE83AD7629DAA78000874CBB /* Products */;
			projectDirPath = "";
			projectRoot = "";
			targets = (
				DE83AD7429DAA78000874CBB /* EnvDetection */,
			);
		};
/* End PBXProject section */

/* Begin PBXResourcesBuildPhase section */
		DE83AD7329DAA78000874CBB /* Resources */ = {
			isa = PBXResourcesBuildPhase;
			buildActionMask = 2147483647;
			files = (
				DE83AD8029DAA78100874CBB /* Preview Assets.xcassets in Resources */,
				DE83AD7D29DAA78100874CBB /* Assets.xcassets in Resources */,
			);
			runOnlyForDeploymentPostprocessing = 0;
		};
/* End PBXResourcesBuildPhase section */

/* Begin PBXSourcesBuildPhase section */
		DE83AD7129DAA78000874CBB /* Sources */ = {
			isa = PBXSourcesBuildPhase;
			buildActionMask = 2147483647;
			files = (
				DE83AD9929DAA8A600874CBB /* DynamicLibraryInjectionDetectionView.swift in Sources */,
				DE83ADA429DAA91D00874CBB /* AppInfo.m in Sources */,
				DE83ADBB29DAAA5C00874CBB /* OpenSSHDetection.m in Sources */,
				DE83AD8929DAA7F400874CBB /* JailbreakFileDetectionView.swift in Sources */,
				DE83AD8F29DAA83100874CBB /* FridaFileDetectionView.swift in Sources */,
				DE83ADAF29DAA9C700874CBB /* FridaDetection.m in Sources */,
				DE83ADB229DAA9E500874CBB /* AgentDetection.m in Sources */,
				DE83AD9529DAA87A00874CBB /* DebugDetectionView.swift in Sources */,
				DE83AD7B29DAA78000874CBB /* EnvDetection.swift in Sources */,
				DE83AD9D29DAA8D200874CBB /* OpenSSHFileDetectionView.swift in Sources */,
				DE83AD9729DAA89000874CBB /* OtherDetectionView.swift in Sources */,
				DE83ADA129DAA8F400874CBB /* ToastUtil.m in Sources */,
				DE83ADAC29DAA9A400874CBB /* JailbreakDetection.m in Sources */,
				DE83ADB529DAAA1600874CBB /* DebugDetection.m in Sources */,
				DE83AD7929DAA78000874CBB /* EnvDetectionApp.swift in Sources */,
				DE83AD9129DAA84600874CBB /* AgentDetectionView.swift in Sources */,
				DE83AD9329DAA86100874CBB /* AgentAppDetectionView.swift in Sources */,
				DE83AD9B29DAA8BB00874CBB /* OpenSSHDetectionView.swift in Sources */,
				DE83AD8D29DAA81D00874CBB /* FridaDetectionView.swift in Sources */,
				DE83AD8B29DAA80800874CBB /* PluginApplicationDetectionView.swift in Sources */,
				DE83ADA729DAA93B00874CBB /* FileAndFolderPathDetection.m in Sources */,
				DE83AD8729DAA7DE00874CBB /* JailbreakDetectionView.swift in Sources */,
				DE83ADB829DAAA3A00874CBB /* DynamicLibraryInjectionDetection.m in Sources */,
			);
			runOnlyForDeploymentPostprocessing = 0;
		};
/* End PBXSourcesBuildPhase section */

/* Begin XCBuildConfiguration section */
		DE83AD8129DAA78100874CBB /* Debug */ = {
			isa = XCBuildConfiguration;
			buildSettings = {
				ALWAYS_SEARCH_USER_PATHS = NO;
				CLANG_ANALYZER_NONNULL = YES;
				CLANG_ANALYZER_NUMBER_OBJECT_CONVERSION = YES_AGGRESSIVE;
				CLANG_CXX_LANGUAGE_STANDARD = "gnu++17";
				CLANG_ENABLE_MODULES = YES;
				CLANG_ENABLE_OBJC_ARC = YES;
				CLANG_ENABLE_OBJC_WEAK = YES;
				CLANG_WARN_BLOCK_CAPTURE_AUTORELEASING = YES;
				CLANG_WARN_BOOL_CONVERSION = YES;
				CLANG_WARN_COMMA = YES;
				CLANG_WARN_CONSTANT_CONVERSION = YES;
				CLANG_WARN_DEPRECATED_OBJC_IMPLEMENTATIONS = YES;
				CLANG_WARN_DIRECT_OBJC_ISA_USAGE = YES_ERROR;
				CLANG_WARN_DOCUMENTATION_COMMENTS = YES;
				CLANG_WARN_EMPTY_BODY = YES;
				CLANG_WARN_ENUM_CONVERSION = YES;
				CLANG_WARN_INFINITE_RECURSION = YES;
				CLANG_WARN_INT_CONVERSION = YES;
				CLANG_WARN_NON_LITERAL_NULL_CONVERSION = YES;
				CLANG_WARN_OBJC_IMPLICIT_RETAIN_SELF = YES;
				CLANG_WARN_OBJC_LITERAL_CONVERSION = YES;
				CLANG_WARN_OBJC_ROOT_CLASS = YES_ERROR;
				CLANG_WARN_QUOTED_INCLUDE_IN_FRAMEWORK_HEADER = YES;
				CLANG_WARN_RANGE_LOOP_ANALYSIS = YES;
				CLANG_WARN_STRICT_PROTOTYPES = YES;
				CLANG_WARN_SUSPICIOUS_MOVE = YES;
				CLANG_WARN_UNGUARDED_AVAILABILITY = YES_AGGRESSIVE;
				CLANG_WARN_UNREACHABLE_CODE = YES;
				CLANG_WARN__DUPLICATE_METHOD_MATCH = YES;
				COPY_PHASE_STRIP = NO;
				DEBUG_INFORMATION_FORMAT = dwarf;
				ENABLE_STRICT_OBJC_MSGSEND = YES;
				ENABLE_TESTABILITY = YES;
				GCC_C_LANGUAGE_STANDARD = gnu11;
				GCC_DYNAMIC_NO_PIC = NO;
				GCC_NO_COMMON_BLOCKS = YES;
				GCC_OPTIMIZATION_LEVEL = 0;
				GCC_PREPROCESSOR_DEFINITIONS = (
					"DEBUG=1",
					"$(inherited)",
				);
				GCC_WARN_64_TO_32_BIT_CONVERSION = YES;
				GCC_WARN_ABOUT_RETURN_TYPE = YES_ERROR;
				GCC_WARN_UNDECLARED_SELECTOR = YES;
				GCC_WARN_UNINITIALIZED_AUTOS = YES_AGGRESSIVE;
				GCC_WARN_UNUSED_FUNCTION = YES;
				GCC_WARN_UNUSED_VARIABLE = YES;
				IPHONEOS_DEPLOYMENT_TARGET = 14.0;
				MTL_ENABLE_DEBUG_INFO = INCLUDE_SOURCE;
				MTL_FAST_MATH = YES;
				ONLY_ACTIVE_ARCH = YES;
				SDKROOT = iphoneos;
				SWIFT_ACTIVE_COMPILATION_CONDITIONS = DEBUG;
				SWIFT_OPTIMIZATION_LEVEL = "-Onone";
			};
			name = Debug;
		};
		DE83AD8229DAA78100874CBB /* Release */ = {
			isa = XCBuildConfiguration;
			buildSettings = {
				ALWAYS_SEARCH_USER_PATHS = NO;
				CLANG_ANALYZER_NONNULL = YES;
				CLANG_ANALYZER_NUMBER_OBJECT_CONVERSION = YES_AGGRESSIVE;
				CLANG_CXX_LANGUAGE_STANDARD = "gnu++17";
				CLANG_ENABLE_MODULES = YES;
				CLANG_ENABLE_OBJC_ARC = YES;
				CLANG_ENABLE_OBJC_WEAK = YES;
				CLANG_WARN_BLOCK_CAPTURE_AUTORELEASING = YES;
				CLANG_WARN_BOOL_CONVERSION = YES;
				CLANG_WARN_COMMA = YES;
				CLANG_WARN_CONSTANT_CONVERSION = YES;
				CLANG_WARN_DEPRECATED_OBJC_IMPLEMENTATIONS = YES;
				CLANG_WARN_DIRECT_OBJC_ISA_USAGE = YES_ERROR;
				CLANG_WARN_DOCUMENTATION_COMMENTS = YES;
				CLANG_WARN_EMPTY_BODY = YES;
				CLANG_WARN_ENUM_CONVERSION = YES;
				CLANG_WARN_INFINITE_RECURSION = YES;
				CLANG_WARN_INT_CONVERSION = YES;
				CLANG_WARN_NON_LITERAL_NULL_CONVERSION = YES;
				CLANG_WARN_OBJC_IMPLICIT_RETAIN_SELF = YES;
				CLANG_WARN_OBJC_LITERAL_CONVERSION = YES;
				CLANG_WARN_OBJC_ROOT_CLASS = YES_ERROR;
				CLANG_WARN_QUOTED_INCLUDE_IN_FRAMEWORK_HEADER = YES;
				CLANG_WARN_RANGE_LOOP_ANALYSIS = YES;
				CLANG_WARN_STRICT_PROTOTYPES = YES;
				CLANG_WARN_SUSPICIOUS_MOVE = YES;
				CLANG_WARN_UNGUARDED_AVAILABILITY = YES_AGGRESSIVE;
				CLANG_WARN_UNREACHABLE_CODE = YES;
				CLANG_WARN__DUPLICATE_METHOD_MATCH = YES;
				COPY_PHASE_STRIP = NO;
				DEBUG_INFORMATION_FORMAT = "dwarf-with-dsym";
				ENABLE_NS_ASSERTIONS = NO;
				ENABLE_STRICT_OBJC_MSGSEND = YES;
				GCC_C_LANGUAGE_STANDARD = gnu11;
				GCC_NO_COMMON_BLOCKS = YES;
				GCC_WARN_64_TO_32_BIT_CONVERSION = YES;
				GCC_WARN_ABOUT_RETURN_TYPE = YES_ERROR;
				GCC_WARN_UNDECLARED_SELECTOR = YES;
				GCC_WARN_UNINITIALIZED_AUTOS = YES_AGGRESSIVE;
				GCC_WARN_UNUSED_FUNCTION = YES;
				GCC_WARN_UNUSED_VARIABLE = YES;
				IPHONEOS_DEPLOYMENT_TARGET = 14.0;
				MTL_ENABLE_DEBUG_INFO = NO;
				MTL_FAST_MATH = YES;
				SDKROOT = iphoneos;
				SWIFT_COMPILATION_MODE = wholemodule;
				SWIFT_OPTIMIZATION_LEVEL = "-O";
				VALIDATE_PRODUCT = YES;
			};
			name = Release;
		};
		DE83AD8429DAA78100874CBB /* Debug */ = {
			isa = XCBuildConfiguration;
			buildSettings = {
				ASSETCATALOG_COMPILER_APPICON_NAME = AppIcon;
				ASSETCATALOG_COMPILER_GLOBAL_ACCENT_COLOR_NAME = AccentColor;
				CLANG_ENABLE_MODULES = YES;
				CODE_SIGN_STYLE = Automatic;
				CURRENT_PROJECT_VERSION = 1;
				DEVELOPMENT_ASSET_PATHS = "\"EnvDetection/Preview Content\"";
				DEVELOPMENT_TEAM = N8UR7239RD;
				ENABLE_PREVIEWS = YES;
				GENERATE_INFOPLIST_FILE = YES;
				INFOPLIST_KEY_UIApplicationSceneManifest_Generation = YES;
				INFOPLIST_KEY_UIApplicationSupportsIndirectInputEvents = YES;
				INFOPLIST_KEY_UILaunchScreen_Generation = YES;
				INFOPLIST_KEY_UISupportedInterfaceOrientations_iPad = "UIInterfaceOrientationPortrait UIInterfaceOrientationPortraitUpsideDown UIInterfaceOrientationLandscapeLeft UIInterfaceOrientationLandscapeRight";
				INFOPLIST_KEY_UISupportedInterfaceOrientations_iPhone = "UIInterfaceOrientationPortrait UIInterfaceOrientationLandscapeLeft UIInterfaceOrientationLandscapeRight";
				LD_RUNPATH_SEARCH_PATHS = (
					"$(inherited)",
					"@executable_path/Frameworks",
				);
				MARKETING_VERSION = 1.0;
				PRODUCT_BUNDLE_IDENTIFIER = com.star.EnvDetection;
				PRODUCT_NAME = "$(TARGET_NAME)";
				SWIFT_EMIT_LOC_STRINGS = YES;
				SWIFT_OBJC_BRIDGING_HEADER = "EnvDetection/EnvDetection-Bridging-Header.h";
				SWIFT_OPTIMIZATION_LEVEL = "-Onone";
				SWIFT_VERSION = 5.0;
				TARGETED_DEVICE_FAMILY = "1,2";
			};
			name = Debug;
		};
		DE83AD8529DAA78100874CBB /* Release */ = {
			isa = XCBuildConfiguration;
			buildSettings = {
				ASSETCATALOG_COMPILER_APPICON_NAME = AppIcon;
				ASSETCATALOG_COMPILER_GLOBAL_ACCENT_COLOR_NAME = AccentColor;
				CLANG_ENABLE_MODULES = YES;
				CODE_SIGN_STYLE = Automatic;
				CURRENT_PROJECT_VERSION = 1;
				DEVELOPMENT_ASSET_PATHS = "\"EnvDetection/Preview Content\"";
				DEVELOPMENT_TEAM = N8UR7239RD;
				ENABLE_PREVIEWS = YES;
				GENERATE_INFOPLIST_FILE = YES;
				INFOPLIST_KEY_UIApplicationSceneManifest_Generation = YES;
				INFOPLIST_KEY_UIApplicationSupportsIndirectInputEvents = YES;
				INFOPLIST_KEY_UILaunchScreen_Generation = YES;
				INFOPLIST_KEY_UISupportedInterfaceOrientations_iPad = "UIInterfaceOrientationPortrait UIInterfaceOrientationPortraitUpsideDown UIInterfaceOrientationLandscapeLeft UIInterfaceOrientationLandscapeRight";
				INFOPLIST_KEY_UISupportedInterfaceOrientations_iPhone = "UIInterfaceOrientationPortrait UIInterfaceOrientationLandscapeLeft UIInterfaceOrientationLandscapeRight";
				LD_RUNPATH_SEARCH_PATHS = (
					"$(inherited)",
					"@executable_path/Frameworks",
				);
				MARKETING_VERSION = 1.0;
				PRODUCT_BUNDLE_IDENTIFIER = com.star.EnvDetection;
				PRODUCT_NAME = "$(TARGET_NAME)";
				SWIFT_EMIT_LOC_STRINGS = YES;
				SWIFT_OBJC_BRIDGING_HEADER = "EnvDetection/EnvDetection-Bridging-Header.h";
				SWIFT_VERSION = 5.0;
				TARGETED_DEVICE_FAMILY = "1,2";
			};
			name = Release;
		};
/* End XCBuildConfiguration section */

/* Begin XCConfigurationList section */
		DE83AD7029DAA78000874CBB /* Build configuration list for PBXProject "EnvDetection" */ = {
			isa = XCConfigurationList;
			buildConfigurations = (
				DE83AD8129DAA78100874CBB /* Debug */,
				DE83AD8229DAA78100874CBB /* Release */,
			);
			defaultConfigurationIsVisible = 0;
			defaultConfigurationName = Release;
		};
		DE83AD8329DAA78100874CBB /* Build configuration list for PBXNativeTarget "EnvDetection" */ = {
			isa = XCConfigurationList;
			buildConfigurations = (
				DE83AD8429DAA78100874CBB /* Debug */,
				DE83AD8529DAA78100874CBB /* Release */,
			);
			defaultConfigurationIsVisible = 0;
			defaultConfigurationName = Release;
		};
/* End XCConfigurationList section */
	};
	rootObject = DE83AD6D29DAA78000874CBB /* Project object */;
}
