// !$*UTF8*$!
{
	archiveVersion = 1;
	classes = {
	};
	objectVersion = 55;
	objects = {

/* Begin PBXBuildFile section */
		DE12327C2A02BD3800F402F4 /* EnvDetectionApp.swift in Sources */ = {isa = PBXBuildFile; fileRef = DE12327B2A02BD3800F402F4 /* EnvDetectionApp.swift */; };
		DE12327E2A02BD3800F402F4 /* ContentView.swift in Sources */ = {isa = PBXBuildFile; fileRef = DE12327D2A02BD3800F402F4 /* ContentView.swift */; };
		DE1232802A02BD3A00F402F4 /* Assets.xcassets in Resources */ = {isa = PBXBuildFile; fileRef = DE12327F2A02BD3A00F402F4 /* Assets.xcassets */; };
		DE1232832A02BD3A00F402F4 /* Preview Assets.xcassets in Resources */ = {isa = PBXBuildFile; fileRef = DE1232822A02BD3A00F402F4 /* Preview Assets.xcassets */; };
		DE12328D2A02BFE800F402F4 /* JailbreakDetectionView.swift in Sources */ = {isa = PBXBuildFile; fileRef = DE12328C2A02BFE800F402F4 /* JailbreakDetectionView.swift */; };
		DE12328F2A02C52800F402F4 /* FridaDetectionView.swift in Sources */ = {isa = PBXBuildFile; fileRef = DE12328E2A02C52800F402F4 /* FridaDetectionView.swift */; };
		DE1232992A02C96400F402F4 /* JailbreakDetectionViewModel.swift in Sources */ = {isa = PBXBuildFile; fileRef = DE1232982A02C96400F402F4 /* JailbreakDetectionViewModel.swift */; };
		DE12329B2A02C97600F402F4 /* FridaDetectionViewModel.swift in Sources */ = {isa = PBXBuildFile; fileRef = DE12329A2A02C97600F402F4 /* FridaDetectionViewModel.swift */; };
		DE12329D2A02CA0100F402F4 /* AgentDetectionView.swift in Sources */ = {isa = PBXBuildFile; fileRef = DE12329C2A02CA0100F402F4 /* AgentDetectionView.swift */; };
		DE12329F2A02CA0F00F402F4 /* AgentDetectionViewModel.swift in Sources */ = {isa = PBXBuildFile; fileRef = DE12329E2A02CA0F00F402F4 /* AgentDetectionViewModel.swift */; };
		DE1232A12A02CB6200F402F4 /* DebugDetectionView.swift in Sources */ = {isa = PBXBuildFile; fileRef = DE1232A02A02CB6200F402F4 /* DebugDetectionView.swift */; };
		DE1232A32A02CB6D00F402F4 /* DebugDetectionViewModel.swift in Sources */ = {isa = PBXBuildFile; fileRef = DE1232A22A02CB6D00F402F4 /* DebugDetectionViewModel.swift */; };
		DE1232A52A02CB9000F402F4 /* OtherDetectionView.swift in Sources */ = {isa = PBXBuildFile; fileRef = DE1232A42A02CB9000F402F4 /* OtherDetectionView.swift */; };
		DE1232A72A02CB9A00F402F4 /* OtherDetectionViewModel.swift in Sources */ = {isa = PBXBuildFile; fileRef = DE1232A62A02CB9A00F402F4 /* OtherDetectionViewModel.swift */; };
		DE1232AC2A02D11900F402F4 /* JailbreakDetection.m in Sources */ = {isa = PBXBuildFile; fileRef = DE1232AB2A02D11900F402F4 /* JailbreakDetection.m */; };
		DE1232B02A02D17600F402F4 /* FileAndFolderPathDetection.m in Sources */ = {isa = PBXBuildFile; fileRef = DE1232AF2A02D17600F402F4 /* FileAndFolderPathDetection.m */; };
		DE1232B32A02D20D00F402F4 /* AppInfo.m in Sources */ = {isa = PBXBuildFile; fileRef = DE1232B22A02D20D00F402F4 /* AppInfo.m */; };
		DE1232BD2A02D48400F402F4 /* FridaDetection.m in Sources */ = {isa = PBXBuildFile; fileRef = DE1232BC2A02D48400F402F4 /* FridaDetection.m */; };
		DE1232C12A02D4DE00F402F4 /* AgentDetection.m in Sources */ = {isa = PBXBuildFile; fileRef = DE1232C02A02D4DE00F402F4 /* AgentDetection.m */; };
		DE1232C52A02D53A00F402F4 /* DebugDetection.m in Sources */ = {isa = PBXBuildFile; fileRef = DE1232C42A02D53A00F402F4 /* DebugDetection.m */; };
		DE1232C92A02D57200F402F4 /* OpenSSHDetection.m in Sources */ = {isa = PBXBuildFile; fileRef = DE1232C82A02D57200F402F4 /* OpenSSHDetection.m */; };
		DE1232CC2A02D58700F402F4 /* DynamicLibraryInjectionDetection.m in Sources */ = {isa = PBXBuildFile; fileRef = DE1232CB2A02D58700F402F4 /* DynamicLibraryInjectionDetection.m */; };
		DE1232D02A02DB6500F402F4 /* JailbreakFileAndFolderDetectionView.swift in Sources */ = {isa = PBXBuildFile; fileRef = DE1232CF2A02DB6500F402F4 /* JailbreakFileAndFolderDetectionView.swift */; };
		DE1232D22A02E8FD00F402F4 /* FridaFileDetectionView.swift in Sources */ = {isa = PBXBuildFile; fileRef = DE1232D12A02E8FD00F402F4 /* FridaFileDetectionView.swift */; };
		DE1232D42A02EF7B00F402F4 /* AgentApplicationDetectionView.swift in Sources */ = {isa = PBXBuildFile; fileRef = DE1232D32A02EF7B00F402F4 /* AgentApplicationDetectionView.swift */; };
		DE1232D62A02F80600F402F4 /* DynamicLibraryInjectionDetectionView.swift in Sources */ = {isa = PBXBuildFile; fileRef = DE1232D52A02F80600F402F4 /* DynamicLibraryInjectionDetectionView.swift */; };
		DE1232D82A02FB5400F402F4 /* PluginApplicationDetectionView.swift in Sources */ = {isa = PBXBuildFile; fileRef = DE1232D72A02FB5400F402F4 /* PluginApplicationDetectionView.swift */; };
		DE1232DA2A02FDC900F402F4 /* OpenSSHDetectionView.swift in Sources */ = {isa = PBXBuildFile; fileRef = DE1232D92A02FDC900F402F4 /* OpenSSHDetectionView.swift */; };
		DE1232DC2A02FDD700F402F4 /* OpenSSHFileDetectionView.swift in Sources */ = {isa = PBXBuildFile; fileRef = DE1232DB2A02FDD700F402F4 /* OpenSSHFileDetectionView.swift */; };
		DE9D1C0D2A039D200066DAEB /* CommonUtils.swift in Sources */ = {isa = PBXBuildFile; fileRef = DE9D1C0C2A039D200066DAEB /* CommonUtils.swift */; };
/* End PBXBuildFile section */

/* Begin PBXFileReference section */
		DE1232782A02BD3800F402F4 /* EnvDetection.app */ = {isa = PBXFileReference; explicitFileType = wrapper.application; includeInIndex = 0; path = EnvDetection.app; sourceTree = BUILT_PRODUCTS_DIR; };
		DE12327B2A02BD3800F402F4 /* EnvDetectionApp.swift */ = {isa = PBXFileReference; lastKnownFileType = sourcecode.swift; path = EnvDetectionApp.swift; sourceTree = "<group>"; };
		DE12327D2A02BD3800F402F4 /* ContentView.swift */ = {isa = PBXFileReference; lastKnownFileType = sourcecode.swift; path = ContentView.swift; sourceTree = "<group>"; };
		DE12327F2A02BD3A00F402F4 /* Assets.xcassets */ = {isa = PBXFileReference; lastKnownFileType = folder.assetcatalog; path = Assets.xcassets; sourceTree = "<group>"; };
		DE1232822A02BD3A00F402F4 /* Preview Assets.xcassets */ = {isa = PBXFileReference; lastKnownFileType = folder.assetcatalog; path = "Preview Assets.xcassets"; sourceTree = "<group>"; };
		DE12328C2A02BFE800F402F4 /* JailbreakDetectionView.swift */ = {isa = PBXFileReference; lastKnownFileType = sourcecode.swift; path = JailbreakDetectionView.swift; sourceTree = "<group>"; };
		DE12328E2A02C52800F402F4 /* FridaDetectionView.swift */ = {isa = PBXFileReference; lastKnownFileType = sourcecode.swift; path = FridaDetectionView.swift; sourceTree = "<group>"; };
		DE1232982A02C96400F402F4 /* JailbreakDetectionViewModel.swift */ = {isa = PBXFileReference; lastKnownFileType = sourcecode.swift; path = JailbreakDetectionViewModel.swift; sourceTree = "<group>"; };
		DE12329A2A02C97600F402F4 /* FridaDetectionViewModel.swift */ = {isa = PBXFileReference; lastKnownFileType = sourcecode.swift; path = FridaDetectionViewModel.swift; sourceTree = "<group>"; };
		DE12329C2A02CA0100F402F4 /* AgentDetectionView.swift */ = {isa = PBXFileReference; lastKnownFileType = sourcecode.swift; path = AgentDetectionView.swift; sourceTree = "<group>"; };
		DE12329E2A02CA0F00F402F4 /* AgentDetectionViewModel.swift */ = {isa = PBXFileReference; lastKnownFileType = sourcecode.swift; path = AgentDetectionViewModel.swift; sourceTree = "<group>"; };
		DE1232A02A02CB6200F402F4 /* DebugDetectionView.swift */ = {isa = PBXFileReference; lastKnownFileType = sourcecode.swift; path = DebugDetectionView.swift; sourceTree = "<group>"; };
		DE1232A22A02CB6D00F402F4 /* DebugDetectionViewModel.swift */ = {isa = PBXFileReference; lastKnownFileType = sourcecode.swift; path = DebugDetectionViewModel.swift; sourceTree = "<group>"; };
		DE1232A42A02CB9000F402F4 /* OtherDetectionView.swift */ = {isa = PBXFileReference; lastKnownFileType = sourcecode.swift; path = OtherDetectionView.swift; sourceTree = "<group>"; };
		DE1232A62A02CB9A00F402F4 /* OtherDetectionViewModel.swift */ = {isa = PBXFileReference; lastKnownFileType = sourcecode.swift; path = OtherDetectionViewModel.swift; sourceTree = "<group>"; };
		DE1232A92A02D11900F402F4 /* EnvDetection-Bridging-Header.h */ = {isa = PBXFileReference; lastKnownFileType = sourcecode.c.h; path = "EnvDetection-Bridging-Header.h"; sourceTree = "<group>"; };
		DE1232AA2A02D11900F402F4 /* JailbreakDetection.h */ = {isa = PBXFileReference; lastKnownFileType = sourcecode.c.h; path = JailbreakDetection.h; sourceTree = "<group>"; };
		DE1232AB2A02D11900F402F4 /* JailbreakDetection.m */ = {isa = PBXFileReference; lastKnownFileType = sourcecode.c.objc; path = JailbreakDetection.m; sourceTree = "<group>"; };
		DE1232AE2A02D17600F402F4 /* FileAndFolderPathDetection.h */ = {isa = PBXFileReference; lastKnownFileType = sourcecode.c.h; path = FileAndFolderPathDetection.h; sourceTree = "<group>"; };
		DE1232AF2A02D17600F402F4 /* FileAndFolderPathDetection.m */ = {isa = PBXFileReference; lastKnownFileType = sourcecode.c.objc; path = FileAndFolderPathDetection.m; sourceTree = "<group>"; };
		DE1232B12A02D20D00F402F4 /* AppInfo.h */ = {isa = PBXFileReference; lastKnownFileType = sourcecode.c.h; path = AppInfo.h; sourceTree = "<group>"; };
		DE1232B22A02D20D00F402F4 /* AppInfo.m */ = {isa = PBXFileReference; lastKnownFileType = sourcecode.c.objc; path = AppInfo.m; sourceTree = "<group>"; };
		DE1232B52A02D28B00F402F4 /* LSApplicationWorkspace.h */ = {isa = PBXFileReference; fileEncoding = 4; lastKnownFileType = sourcecode.c.h; path = LSApplicationWorkspace.h; sourceTree = "<group>"; };
		DE1232B62A02D28B00F402F4 /* FBBundleInfo.h */ = {isa = PBXFileReference; fileEncoding = 4; lastKnownFileType = sourcecode.c.h; path = FBBundleInfo.h; sourceTree = "<group>"; };
		DE1232B72A02D28B00F402F4 /* ptrace.h */ = {isa = PBXFileReference; fileEncoding = 4; lastKnownFileType = sourcecode.c.h; path = ptrace.h; sourceTree = "<group>"; };
		DE1232B82A02D28B00F402F4 /* LSApplicationProxy.h */ = {isa = PBXFileReference; fileEncoding = 4; lastKnownFileType = sourcecode.c.h; path = LSApplicationProxy.h; sourceTree = "<group>"; };
		DE1232B92A02D28B00F402F4 /* FBApplicationInfo.h */ = {isa = PBXFileReference; fileEncoding = 4; lastKnownFileType = sourcecode.c.h; path = FBApplicationInfo.h; sourceTree = "<group>"; };
		DE1232BB2A02D48400F402F4 /* FridaDetection.h */ = {isa = PBXFileReference; lastKnownFileType = sourcecode.c.h; path = FridaDetection.h; sourceTree = "<group>"; };
		DE1232BC2A02D48400F402F4 /* FridaDetection.m */ = {isa = PBXFileReference; lastKnownFileType = sourcecode.c.objc; path = FridaDetection.m; sourceTree = "<group>"; };
		DE1232BF2A02D4DE00F402F4 /* AgentDetection.h */ = {isa = PBXFileReference; lastKnownFileType = sourcecode.c.h; path = AgentDetection.h; sourceTree = "<group>"; };
		DE1232C02A02D4DE00F402F4 /* AgentDetection.m */ = {isa = PBXFileReference; lastKnownFileType = sourcecode.c.objc; path = AgentDetection.m; sourceTree = "<group>"; };
		DE1232C32A02D53A00F402F4 /* DebugDetection.h */ = {isa = PBXFileReference; lastKnownFileType = sourcecode.c.h; path = DebugDetection.h; sourceTree = "<group>"; };
		DE1232C42A02D53A00F402F4 /* DebugDetection.m */ = {isa = PBXFileReference; lastKnownFileType = sourcecode.c.objc; path = DebugDetection.m; sourceTree = "<group>"; };
		DE1232C72A02D57200F402F4 /* OpenSSHDetection.h */ = {isa = PBXFileReference; lastKnownFileType = sourcecode.c.h; path = OpenSSHDetection.h; sourceTree = "<group>"; };
		DE1232C82A02D57200F402F4 /* OpenSSHDetection.m */ = {isa = PBXFileReference; lastKnownFileType = sourcecode.c.objc; path = OpenSSHDetection.m; sourceTree = "<group>"; };
		DE1232CA2A02D58700F402F4 /* DynamicLibraryInjectionDetection.h */ = {isa = PBXFileReference; lastKnownFileType = sourcecode.c.h; path = DynamicLibraryInjectionDetection.h; sourceTree = "<group>"; };
		DE1232CB2A02D58700F402F4 /* DynamicLibraryInjectionDetection.m */ = {isa = PBXFileReference; lastKnownFileType = sourcecode.c.objc; path = DynamicLibraryInjectionDetection.m; sourceTree = "<group>"; };
		DE1232CF2A02DB6500F402F4 /* JailbreakFileAndFolderDetectionView.swift */ = {isa = PBXFileReference; lastKnownFileType = sourcecode.swift; path = JailbreakFileAndFolderDetectionView.swift; sourceTree = "<group>"; };
		DE1232D12A02E8FD00F402F4 /* FridaFileDetectionView.swift */ = {isa = PBXFileReference; lastKnownFileType = sourcecode.swift; path = FridaFileDetectionView.swift; sourceTree = "<group>"; };
		DE1232D32A02EF7B00F402F4 /* AgentApplicationDetectionView.swift */ = {isa = PBXFileReference; lastKnownFileType = sourcecode.swift; path = AgentApplicationDetectionView.swift; sourceTree = "<group>"; };
		DE1232D52A02F80600F402F4 /* DynamicLibraryInjectionDetectionView.swift */ = {isa = PBXFileReference; lastKnownFileType = sourcecode.swift; path = DynamicLibraryInjectionDetectionView.swift; sourceTree = "<group>"; };
		DE1232D72A02FB5400F402F4 /* PluginApplicationDetectionView.swift */ = {isa = PBXFileReference; lastKnownFileType = sourcecode.swift; path = PluginApplicationDetectionView.swift; sourceTree = "<group>"; };
		DE1232D92A02FDC900F402F4 /* OpenSSHDetectionView.swift */ = {isa = PBXFileReference; lastKnownFileType = sourcecode.swift; path = OpenSSHDetectionView.swift; sourceTree = "<group>"; };
		DE1232DB2A02FDD700F402F4 /* OpenSSHFileDetectionView.swift */ = {isa = PBXFileReference; lastKnownFileType = sourcecode.swift; path = OpenSSHFileDetectionView.swift; sourceTree = "<group>"; };
		DE9D1C0C2A039D200066DAEB /* CommonUtils.swift */ = {isa = PBXFileReference; lastKnownFileType = sourcecode.swift; path = CommonUtils.swift; sourceTree = "<group>"; };
/* End PBXFileReference section */

/* Begin PBXFrameworksBuildPhase section */
		DE1232752A02BD3800F402F4 /* Frameworks */ = {
			isa = PBXFrameworksBuildPhase;
			buildActionMask = 2147483647;
			files = (
			);
			runOnlyForDeploymentPostprocessing = 0;
		};
/* End PBXFrameworksBuildPhase section */

/* Begin PBXGroup section */
		DE12326F2A02BD3800F402F4 = {
			isa = PBXGroup;
			children = (
				DE12327A2A02BD3800F402F4 /* EnvDetection */,
				DE1232792A02BD3800F402F4 /* Products */,
			);
			sourceTree = "<group>";
		};
		DE1232792A02BD3800F402F4 /* Products */ = {
			isa = PBXGroup;
			children = (
				DE1232782A02BD3800F402F4 /* EnvDetection.app */,
			);
			name = Products;
			sourceTree = "<group>";
		};
		DE12327A2A02BD3800F402F4 /* EnvDetection */ = {
			isa = PBXGroup;
			children = (
				DE12327B2A02BD3800F402F4 /* EnvDetectionApp.swift */,
				DE12327D2A02BD3800F402F4 /* ContentView.swift */,
				DE1232AD2A02D15C00F402F4 /* CommonUtil */,
				DE1232B42A02D25400F402F4 /* SystemHeaders */,
				DE1232A82A02D0FE00F402F4 /* JailbreakDetection */,
				DE1232BA2A02D46D00F402F4 /* FridaDetection */,
				DE1232BE2A02D4CF00F402F4 /* AgentDetection */,
				DE1232C22A02D53000F402F4 /* DebugDetection */,
				DE1232C62A02D55500F402F4 /* OtherDetection */,
				DE12328A2A02BEDD00F402F4 /* Models */,
				DE1232892A02BED400F402F4 /* Views */,
				DE12328B2A02BEE400F402F4 /* ViewModels */,
				DE12327F2A02BD3A00F402F4 /* Assets.xcassets */,
				DE1232812A02BD3A00F402F4 /* Preview Content */,
				DE1232A92A02D11900F402F4 /* EnvDetection-Bridging-Header.h */,
			);
			path = EnvDetection;
			sourceTree = "<group>";
		};
		DE1232812A02BD3A00F402F4 /* Preview Content */ = {
			isa = PBXGroup;
			children = (
				DE1232822A02BD3A00F402F4 /* Preview Assets.xcassets */,
			);
			path = "Preview Content";
			sourceTree = "<group>";
		};
		DE1232892A02BED400F402F4 /* Views */ = {
			isa = PBXGroup;
			children = (
				DE12328C2A02BFE800F402F4 /* JailbreakDetectionView.swift */,
				DE1232CF2A02DB6500F402F4 /* JailbreakFileAndFolderDetectionView.swift */,
				DE1232D72A02FB5400F402F4 /* PluginApplicationDetectionView.swift */,
				DE12328E2A02C52800F402F4 /* FridaDetectionView.swift */,
				DE1232D12A02E8FD00F402F4 /* FridaFileDetectionView.swift */,
				DE12329C2A02CA0100F402F4 /* AgentDetectionView.swift */,
				DE1232D32A02EF7B00F402F4 /* AgentApplicationDetectionView.swift */,
				DE1232A02A02CB6200F402F4 /* DebugDetectionView.swift */,
				DE1232A42A02CB9000F402F4 /* OtherDetectionView.swift */,
				DE1232D52A02F80600F402F4 /* DynamicLibraryInjectionDetectionView.swift */,
				DE1232D92A02FDC900F402F4 /* OpenSSHDetectionView.swift */,
				DE1232DB2A02FDD700F402F4 /* OpenSSHFileDetectionView.swift */,
			);
			path = Views;
			sourceTree = "<group>";
		};
		DE12328A2A02BEDD00F402F4 /* Models */ = {
			isa = PBXGroup;
			children = (
			);
			path = Models;
			sourceTree = "<group>";
		};
		DE12328B2A02BEE400F402F4 /* ViewModels */ = {
			isa = PBXGroup;
			children = (
				DE1232982A02C96400F402F4 /* JailbreakDetectionViewModel.swift */,
				DE12329A2A02C97600F402F4 /* FridaDetectionViewModel.swift */,
				DE12329E2A02CA0F00F402F4 /* AgentDetectionViewModel.swift */,
				DE1232A22A02CB6D00F402F4 /* DebugDetectionViewModel.swift */,
				DE1232A62A02CB9A00F402F4 /* OtherDetectionViewModel.swift */,
				DE9D1C0C2A039D200066DAEB /* CommonUtils.swift */,
			);
			path = ViewModels;
			sourceTree = "<group>";
		};
		DE1232A82A02D0FE00F402F4 /* JailbreakDetection */ = {
			isa = PBXGroup;
			children = (
				DE1232AA2A02D11900F402F4 /* JailbreakDetection.h */,
				DE1232AB2A02D11900F402F4 /* JailbreakDetection.m */,
			);
			path = JailbreakDetection;
			sourceTree = "<group>";
		};
		DE1232AD2A02D15C00F402F4 /* CommonUtil */ = {
			isa = PBXGroup;
			children = (
				DE1232B12A02D20D00F402F4 /* AppInfo.h */,
				DE1232B22A02D20D00F402F4 /* AppInfo.m */,
				DE1232AE2A02D17600F402F4 /* FileAndFolderPathDetection.h */,
				DE1232AF2A02D17600F402F4 /* FileAndFolderPathDetection.m */,
			);
			path = CommonUtil;
			sourceTree = "<group>";
		};
		DE1232B42A02D25400F402F4 /* SystemHeaders */ = {
			isa = PBXGroup;
			children = (
				DE1232B92A02D28B00F402F4 /* FBApplicationInfo.h */,
				DE1232B62A02D28B00F402F4 /* FBBundleInfo.h */,
				DE1232B82A02D28B00F402F4 /* LSApplicationProxy.h */,
				DE1232B52A02D28B00F402F4 /* LSApplicationWorkspace.h */,
				DE1232B72A02D28B00F402F4 /* ptrace.h */,
			);
			path = SystemHeaders;
			sourceTree = "<group>";
		};
		DE1232BA2A02D46D00F402F4 /* FridaDetection */ = {
			isa = PBXGroup;
			children = (
				DE1232BB2A02D48400F402F4 /* FridaDetection.h */,
				DE1232BC2A02D48400F402F4 /* FridaDetection.m */,
			);
			path = FridaDetection;
			sourceTree = "<group>";
		};
		DE1232BE2A02D4CF00F402F4 /* AgentDetection */ = {
			isa = PBXGroup;
			children = (
				DE1232BF2A02D4DE00F402F4 /* AgentDetection.h */,
				DE1232C02A02D4DE00F402F4 /* AgentDetection.m */,
			);
			path = AgentDetection;
			sourceTree = "<group>";
		};
		DE1232C22A02D53000F402F4 /* DebugDetection */ = {
			isa = PBXGroup;
			children = (
				DE1232C32A02D53A00F402F4 /* DebugDetection.h */,
				DE1232C42A02D53A00F402F4 /* DebugDetection.m */,
			);
			path = DebugDetection;
			sourceTree = "<group>";
		};
		DE1232C62A02D55500F402F4 /* OtherDetection */ = {
			isa = PBXGroup;
			children = (
				DE1232CA2A02D58700F402F4 /* DynamicLibraryInjectionDetection.h */,
				DE1232CB2A02D58700F402F4 /* DynamicLibraryInjectionDetection.m */,
				DE1232C72A02D57200F402F4 /* OpenSSHDetection.h */,
				DE1232C82A02D57200F402F4 /* OpenSSHDetection.m */,
			);
			path = OtherDetection;
			sourceTree = "<group>";
		};
/* End PBXGroup section */

/* Begin PBXNativeTarget section */
		DE1232772A02BD3800F402F4 /* EnvDetection */ = {
			isa = PBXNativeTarget;
			buildConfigurationList = DE1232862A02BD3A00F402F4 /* Build configuration list for PBXNativeTarget "EnvDetection" */;
			buildPhases = (
				DE1232742A02BD3800F402F4 /* Sources */,
				DE1232752A02BD3800F402F4 /* Frameworks */,
				DE1232762A02BD3800F402F4 /* Resources */,
			);
			buildRules = (
			);
			dependencies = (
			);
			name = EnvDetection;
			productName = EnvDetection;
			productReference = DE1232782A02BD3800F402F4 /* EnvDetection.app */;
			productType = "com.apple.product-type.application";
		};
/* End PBXNativeTarget section */

/* Begin PBXProject section */
		DE1232702A02BD3800F402F4 /* Project object */ = {
			isa = PBXProject;
			attributes = {
				BuildIndependentTargetsInParallel = 1;
				LastSwiftUpdateCheck = 1330;
				LastUpgradeCheck = 1330;
				TargetAttributes = {
					DE1232772A02BD3800F402F4 = {
						CreatedOnToolsVersion = 13.3;
						LastSwiftMigration = 1330;
					};
				};
			};
			buildConfigurationList = DE1232732A02BD3800F402F4 /* Build configuration list for PBXProject "EnvDetection" */;
			compatibilityVersion = "Xcode 13.0";
			developmentRegion = en;
			hasScannedForEncodings = 0;
			knownRegions = (
				en,
				Base,
			);
			mainGroup = DE12326F2A02BD3800F402F4;
			productRefGroup = DE1232792A02BD3800F402F4 /* Products */;
			projectDirPath = "";
			projectRoot = "";
			targets = (
				DE1232772A02BD3800F402F4 /* EnvDetection */,
			);
		};
/* End PBXProject section */

/* Begin PBXResourcesBuildPhase section */
		DE1232762A02BD3800F402F4 /* Resources */ = {
			isa = PBXResourcesBuildPhase;
			buildActionMask = 2147483647;
			files = (
				DE1232832A02BD3A00F402F4 /* Preview Assets.xcassets in Resources */,
				DE1232802A02BD3A00F402F4 /* Assets.xcassets in Resources */,
			);
			runOnlyForDeploymentPostprocessing = 0;
		};
/* End PBXResourcesBuildPhase section */

/* Begin PBXSourcesBuildPhase section */
		DE1232742A02BD3800F402F4 /* Sources */ = {
			isa = PBXSourcesBuildPhase;
			buildActionMask = 2147483647;
			files = (
				DE1232BD2A02D48400F402F4 /* FridaDetection.m in Sources */,
				DE1232B32A02D20D00F402F4 /* AppInfo.m in Sources */,
				DE1232D02A02DB6500F402F4 /* JailbreakFileAndFolderDetectionView.swift in Sources */,
				DE12327E2A02BD3800F402F4 /* ContentView.swift in Sources */,
				DE1232A12A02CB6200F402F4 /* DebugDetectionView.swift in Sources */,
				DE12329B2A02C97600F402F4 /* FridaDetectionViewModel.swift in Sources */,
				DE1232CC2A02D58700F402F4 /* DynamicLibraryInjectionDetection.m in Sources */,
				DE1232C92A02D57200F402F4 /* OpenSSHDetection.m in Sources */,
				DE12329F2A02CA0F00F402F4 /* AgentDetectionViewModel.swift in Sources */,
				DE1232DA2A02FDC900F402F4 /* OpenSSHDetectionView.swift in Sources */,
				DE1232D22A02E8FD00F402F4 /* FridaFileDetectionView.swift in Sources */,
				DE1232C12A02D4DE00F402F4 /* AgentDetection.m in Sources */,
				DE1232A52A02CB9000F402F4 /* OtherDetectionView.swift in Sources */,
				DE1232D62A02F80600F402F4 /* DynamicLibraryInjectionDetectionView.swift in Sources */,
				DE1232D82A02FB5400F402F4 /* PluginApplicationDetectionView.swift in Sources */,
				DE1232A72A02CB9A00F402F4 /* OtherDetectionViewModel.swift in Sources */,
				DE1232C52A02D53A00F402F4 /* DebugDetection.m in Sources */,
				DE1232B02A02D17600F402F4 /* FileAndFolderPathDetection.m in Sources */,
				DE1232A32A02CB6D00F402F4 /* DebugDetectionViewModel.swift in Sources */,
				DE12329D2A02CA0100F402F4 /* AgentDetectionView.swift in Sources */,
				DE12327C2A02BD3800F402F4 /* EnvDetectionApp.swift in Sources */,
				DE12328D2A02BFE800F402F4 /* JailbreakDetectionView.swift in Sources */,
				DE1232DC2A02FDD700F402F4 /* OpenSSHFileDetectionView.swift in Sources */,
				DE1232AC2A02D11900F402F4 /* JailbreakDetection.m in Sources */,
				DE1232992A02C96400F402F4 /* JailbreakDetectionViewModel.swift in Sources */,
				DE12328F2A02C52800F402F4 /* FridaDetectionView.swift in Sources */,
				DE9D1C0D2A039D200066DAEB /* CommonUtils.swift in Sources */,
				DE1232D42A02EF7B00F402F4 /* AgentApplicationDetectionView.swift in Sources */,
			);
			runOnlyForDeploymentPostprocessing = 0;
		};
/* End PBXSourcesBuildPhase section */

/* Begin XCBuildConfiguration section */
		DE1232842A02BD3A00F402F4 /* Debug */ = {
			isa = XCBuildConfiguration;
			buildSettings = {
				ALWAYS_SEARCH_USER_PATHS = NO;
				CLANG_ANALYZER_NONNULL = YES;
				CLANG_ANALYZER_NUMBER_OBJECT_CONVERSION = YES_AGGRESSIVE;
				CLANG_CXX_LANGUAGE_STANDARD = "gnu++17";
				CLANG_ENABLE_MODULES = YES;
				CLANG_ENABLE_OBJC_ARC = YES;
				CLANG_ENABLE_OBJC_WEAK = YES;
				CLANG_WARN_BLOCK_CAPTURE_AUTORELEASING = YES;
				CLANG_WARN_BOOL_CONVERSION = YES;
				CLANG_WARN_COMMA = YES;
				CLANG_WARN_CONSTANT_CONVERSION = YES;
				CLANG_WARN_DEPRECATED_OBJC_IMPLEMENTATIONS = YES;
				CLANG_WARN_DIRECT_OBJC_ISA_USAGE = YES_ERROR;
				CLANG_WARN_DOCUMENTATION_COMMENTS = YES;
				CLANG_WARN_EMPTY_BODY = YES;
				CLANG_WARN_ENUM_CONVERSION = YES;
				CLANG_WARN_INFINITE_RECURSION = YES;
				CLANG_WARN_INT_CONVERSION = YES;
				CLANG_WARN_NON_LITERAL_NULL_CONVERSION = YES;
				CLANG_WARN_OBJC_IMPLICIT_RETAIN_SELF = YES;
				CLANG_WARN_OBJC_LITERAL_CONVERSION = YES;
				CLANG_WARN_OBJC_ROOT_CLASS = YES_ERROR;
				CLANG_WARN_QUOTED_INCLUDE_IN_FRAMEWORK_HEADER = YES;
				CLANG_WARN_RANGE_LOOP_ANALYSIS = YES;
				CLANG_WARN_STRICT_PROTOTYPES = YES;
				CLANG_WARN_SUSPICIOUS_MOVE = YES;
				CLANG_WARN_UNGUARDED_AVAILABILITY = YES_AGGRESSIVE;
				CLANG_WARN_UNREACHABLE_CODE = YES;
				CLANG_WARN__DUPLICATE_METHOD_MATCH = YES;
				COPY_PHASE_STRIP = NO;
				DEBUG_INFORMATION_FORMAT = dwarf;
				ENABLE_STRICT_OBJC_MSGSEND = YES;
				ENABLE_TESTABILITY = YES;
				GCC_C_LANGUAGE_STANDARD = gnu11;
				GCC_DYNAMIC_NO_PIC = NO;
				GCC_NO_COMMON_BLOCKS = YES;
				GCC_OPTIMIZATION_LEVEL = 0;
				GCC_PREPROCESSOR_DEFINITIONS = (
					"DEBUG=1",
					"$(inherited)",
				);
				GCC_WARN_64_TO_32_BIT_CONVERSION = YES;
				GCC_WARN_ABOUT_RETURN_TYPE = YES_ERROR;
				GCC_WARN_UNDECLARED_SELECTOR = YES;
				GCC_WARN_UNINITIALIZED_AUTOS = YES_AGGRESSIVE;
				GCC_WARN_UNUSED_FUNCTION = YES;
				GCC_WARN_UNUSED_VARIABLE = YES;
				IPHONEOS_DEPLOYMENT_TARGET = 14.0;
				MTL_ENABLE_DEBUG_INFO = INCLUDE_SOURCE;
				MTL_FAST_MATH = YES;
				ONLY_ACTIVE_ARCH = YES;
				SDKROOT = iphoneos;
				SWIFT_ACTIVE_COMPILATION_CONDITIONS = DEBUG;
				SWIFT_OPTIMIZATION_LEVEL = "-Onone";
			};
			name = Debug;
		};
		DE1232852A02BD3A00F402F4 /* Release */ = {
			isa = XCBuildConfiguration;
			buildSettings = {
				ALWAYS_SEARCH_USER_PATHS = NO;
				CLANG_ANALYZER_NONNULL = YES;
				CLANG_ANALYZER_NUMBER_OBJECT_CONVERSION = YES_AGGRESSIVE;
				CLANG_CXX_LANGUAGE_STANDARD = "gnu++17";
				CLANG_ENABLE_MODULES = YES;
				CLANG_ENABLE_OBJC_ARC = YES;
				CLANG_ENABLE_OBJC_WEAK = YES;
				CLANG_WARN_BLOCK_CAPTURE_AUTORELEASING = YES;
				CLANG_WARN_BOOL_CONVERSION = YES;
				CLANG_WARN_COMMA = YES;
				CLANG_WARN_CONSTANT_CONVERSION = YES;
				CLANG_WARN_DEPRECATED_OBJC_IMPLEMENTATIONS = YES;
				CLANG_WARN_DIRECT_OBJC_ISA_USAGE = YES_ERROR;
				CLANG_WARN_DOCUMENTATION_COMMENTS = YES;
				CLANG_WARN_EMPTY_BODY = YES;
				CLANG_WARN_ENUM_CONVERSION = YES;
				CLANG_WARN_INFINITE_RECURSION = YES;
				CLANG_WARN_INT_CONVERSION = YES;
				CLANG_WARN_NON_LITERAL_NULL_CONVERSION = YES;
				CLANG_WARN_OBJC_IMPLICIT_RETAIN_SELF = YES;
				CLANG_WARN_OBJC_LITERAL_CONVERSION = YES;
				CLANG_WARN_OBJC_ROOT_CLASS = YES_ERROR;
				CLANG_WARN_QUOTED_INCLUDE_IN_FRAMEWORK_HEADER = YES;
				CLANG_WARN_RANGE_LOOP_ANALYSIS = YES;
				CLANG_WARN_STRICT_PROTOTYPES = YES;
				CLANG_WARN_SUSPICIOUS_MOVE = YES;
				CLANG_WARN_UNGUARDED_AVAILABILITY = YES_AGGRESSIVE;
				CLANG_WARN_UNREACHABLE_CODE = YES;
				CLANG_WARN__DUPLICATE_METHOD_MATCH = YES;
				COPY_PHASE_STRIP = NO;
				DEBUG_INFORMATION_FORMAT = "dwarf-with-dsym";
				ENABLE_NS_ASSERTIONS = NO;
				ENABLE_STRICT_OBJC_MSGSEND = YES;
				GCC_C_LANGUAGE_STANDARD = gnu11;
				GCC_NO_COMMON_BLOCKS = YES;
				GCC_WARN_64_TO_32_BIT_CONVERSION = YES;
				GCC_WARN_ABOUT_RETURN_TYPE = YES_ERROR;
				GCC_WARN_UNDECLARED_SELECTOR = YES;
				GCC_WARN_UNINITIALIZED_AUTOS = YES_AGGRESSIVE;
				GCC_WARN_UNUSED_FUNCTION = YES;
				GCC_WARN_UNUSED_VARIABLE = YES;
				IPHONEOS_DEPLOYMENT_TARGET = 14.0;
				MTL_ENABLE_DEBUG_INFO = NO;
				MTL_FAST_MATH = YES;
				SDKROOT = iphoneos;
				SWIFT_COMPILATION_MODE = wholemodule;
				SWIFT_OPTIMIZATION_LEVEL = "-O";
				VALIDATE_PRODUCT = YES;
			};
			name = Release;
		};
		DE1232872A02BD3A00F402F4 /* Debug */ = {
			isa = XCBuildConfiguration;
			buildSettings = {
				ASSETCATALOG_COMPILER_APPICON_NAME = AppIcon;
				ASSETCATALOG_COMPILER_GLOBAL_ACCENT_COLOR_NAME = AccentColor;
				CLANG_ENABLE_MODULES = YES;
				CODE_SIGN_STYLE = Automatic;
				CURRENT_PROJECT_VERSION = 1;
				DEVELOPMENT_ASSET_PATHS = "\"EnvDetection/Preview Content\"";
				DEVELOPMENT_TEAM = N8UR7239RD;
				ENABLE_PREVIEWS = YES;
				GENERATE_INFOPLIST_FILE = YES;
				INFOPLIST_KEY_UIApplicationSceneManifest_Generation = YES;
				INFOPLIST_KEY_UIApplicationSupportsIndirectInputEvents = YES;
				INFOPLIST_KEY_UILaunchScreen_Generation = YES;
				INFOPLIST_KEY_UISupportedInterfaceOrientations_iPad = "UIInterfaceOrientationPortrait UIInterfaceOrientationPortraitUpsideDown UIInterfaceOrientationLandscapeLeft UIInterfaceOrientationLandscapeRight";
				INFOPLIST_KEY_UISupportedInterfaceOrientations_iPhone = "UIInterfaceOrientationPortrait UIInterfaceOrientationLandscapeLeft UIInterfaceOrientationLandscapeRight";
				LD_RUNPATH_SEARCH_PATHS = (
					"$(inherited)",
					"@executable_path/Frameworks",
				);
				MARKETING_VERSION = 1.0;
				PRODUCT_BUNDLE_IDENTIFIER = com.star.EnvDetection;
				PRODUCT_NAME = "$(TARGET_NAME)";
				SWIFT_EMIT_LOC_STRINGS = YES;
				SWIFT_OBJC_BRIDGING_HEADER = "EnvDetection/EnvDetection-Bridging-Header.h";
				SWIFT_OPTIMIZATION_LEVEL = "-Onone";
				SWIFT_VERSION = 5.0;
				TARGETED_DEVICE_FAMILY = "1,2";
			};
			name = Debug;
		};
		DE1232882A02BD3A00F402F4 /* Release */ = {
			isa = XCBuildConfiguration;
			buildSettings = {
				ASSETCATALOG_COMPILER_APPICON_NAME = AppIcon;
				ASSETCATALOG_COMPILER_GLOBAL_ACCENT_COLOR_NAME = AccentColor;
				CLANG_ENABLE_MODULES = YES;
				CODE_SIGN_STYLE = Automatic;
				CURRENT_PROJECT_VERSION = 1;
				DEVELOPMENT_ASSET_PATHS = "\"EnvDetection/Preview Content\"";
				DEVELOPMENT_TEAM = N8UR7239RD;
				ENABLE_PREVIEWS = YES;
				GENERATE_INFOPLIST_FILE = YES;
				INFOPLIST_KEY_UIApplicationSceneManifest_Generation = YES;
				INFOPLIST_KEY_UIApplicationSupportsIndirectInputEvents = YES;
				INFOPLIST_KEY_UILaunchScreen_Generation = YES;
				INFOPLIST_KEY_UISupportedInterfaceOrientations_iPad = "UIInterfaceOrientationPortrait UIInterfaceOrientationPortraitUpsideDown UIInterfaceOrientationLandscapeLeft UIInterfaceOrientationLandscapeRight";
				INFOPLIST_KEY_UISupportedInterfaceOrientations_iPhone = "UIInterfaceOrientationPortrait UIInterfaceOrientationLandscapeLeft UIInterfaceOrientationLandscapeRight";
				LD_RUNPATH_SEARCH_PATHS = (
					"$(inherited)",
					"@executable_path/Frameworks",
				);
				MARKETING_VERSION = 1.0;
				PRODUCT_BUNDLE_IDENTIFIER = com.star.EnvDetection;
				PRODUCT_NAME = "$(TARGET_NAME)";
				SWIFT_EMIT_LOC_STRINGS = YES;
				SWIFT_OBJC_BRIDGING_HEADER = "EnvDetection/EnvDetection-Bridging-Header.h";
				SWIFT_VERSION = 5.0;
				TARGETED_DEVICE_FAMILY = "1,2";
			};
			name = Release;
		};
/* End XCBuildConfiguration section */

/* Begin XCConfigurationList section */
		DE1232732A02BD3800F402F4 /* Build configuration list for PBXProject "EnvDetection" */ = {
			isa = XCConfigurationList;
			buildConfigurations = (
				DE1232842A02BD3A00F402F4 /* Debug */,
				DE1232852A02BD3A00F402F4 /* Release */,
			);
			defaultConfigurationIsVisible = 0;
			defaultConfigurationName = Release;
		};
		DE1232862A02BD3A00F402F4 /* Build configuration list for PBXNativeTarget "EnvDetection" */ = {
			isa = XCConfigurationList;
			buildConfigurations = (
				DE1232872A02BD3A00F402F4 /* Debug */,
				DE1232882A02BD3A00F402F4 /* Release */,
			);
			defaultConfigurationIsVisible = 0;
			defaultConfigurationName = Release;
		};
/* End XCConfigurationList section */
	};
	rootObject = DE1232702A02BD3800F402F4 /* Project object */;
}
